
Microsoft Visual Studio Solution File, Format Version 12.00
# Visual Studio Version 17
VisualStudioVersion = 17.3.32804.467
MinimumVisualStudioVersion = 10.0.40219.1
Project("{FAE04EC0-301F-11D3-BF4B-00C04F79EFBC}") = "Movies.API", "Movies.API\Movies.API.csproj", "{96124972-C504-4F50-98D3-329DFD05893B}"
EndProject
Global
	GlobalSection(SolutionConfigurationPlatforms) = preSolution
		Debug|Any CPU = Debug|Any CPU
		Release|Any CPU = Release|Any CPU
	EndGlobalSection
	GlobalSection(ProjectConfigurationPlatforms) = postSolution
		{96124972-C504-4F50-98D3-329DFD05893B}.Debug|Any CPU.ActiveCfg = Debug|Any CPU
		{96124972-C504-4F50-98D3-329DFD05893B}.Debug|Any CPU.Build.0 = Debug|Any CPU
		{96124972-C504-4F50-98D3-329DFD05893B}.Release|Any CPU.ActiveCfg = Release|Any CPU
		{96124972-C504-4F50-98D3-329DFD05893B}.Release|Any CPU.Build.0 = Release|Any CPU
	EndGlobalSection
	GlobalSection(SolutionProperties) = preSolution
		HideSolutionNode = FALSE
	EndGlobalSection
	GlobalSection(ExtensibilityGlobals) = postSolution
		SolutionGuid = {FF3802DC-8640-4255-A518-5FC2F8D3286E}
	EndGlobalSection
EndGlobal
